
Microsoft Visual Studio Solution File, Format Version 12.00
# Visual Studio 15
VisualStudioVersion = 15.0.28307.902
MinimumVisualStudioVersion = 10.0.40219.1
Project("{FAE04EC0-301F-11D3-BF4B-00C04F79EFBC}") = "Tester", "Tester\Tester.csproj", "{5C0274E4-7A53-413E-AF2D-55B33DFC3BAC}"
EndProject
Project("{FAE04EC0-301F-11D3-BF4B-00C04F79EFBC}") = "GraphicsLib", "GraphicsLib\GraphicsLib.csproj", "{CAFE19AB-37F3-4872-9FAF-6B5B19B126CC}"
EndProject
Project("{FAE04EC0-301F-11D3-BF4B-00C04F79EFBC}") = "Printer", "Printer\Printer.csproj", "{7813DCAB-1EC4-42FA-A9AF-FDDD668F2532}"
EndProject
Global
	GlobalSection(SolutionConfigurationPlatforms) = preSolution
		Debug|Any CPU = Debug|Any CPU
		Release|Any CPU = Release|Any CPU
	EndGlobalSection
	GlobalSection(ProjectConfigurationPlatforms) = postSolution
		{5C0274E4-7A53-413E-AF2D-55B33DFC3BAC}.Debug|Any CPU.ActiveCfg = Debug|Any CPU
		{5C0274E4-7A53-413E-AF2D-55B33DFC3BAC}.Debug|Any CPU.Build.0 = Debug|Any CPU
		{5C0274E4-7A53-413E-AF2D-55B33DFC3BAC}.Release|Any CPU.ActiveCfg = Release|Any CPU
		{5C0274E4-7A53-413E-AF2D-55B33DFC3BAC}.Release|Any CPU.Build.0 = Release|Any CPU
		{CAFE19AB-37F3-4872-9FAF-6B5B19B126CC}.Debug|Any CPU.ActiveCfg = Debug|Any CPU
		{CAFE19AB-37F3-4872-9FAF-6B5B19B126CC}.Debug|Any CPU.Build.0 = Debug|Any CPU
		{CAFE19AB-37F3-4872-9FAF-6B5B19B126CC}.Release|Any CPU.ActiveCfg = Release|Any CPU
		{CAFE19AB-37F3-4872-9FAF-6B5B19B126CC}.Release|Any CPU.Build.0 = Release|Any CPU
		{7813DCAB-1EC4-42FA-A9AF-FDDD668F2532}.Debug|Any CPU.ActiveCfg = Debug|Any CPU
		{7813DCAB-1EC4-42FA-A9AF-FDDD668F2532}.Debug|Any CPU.Build.0 = Debug|Any CPU
		{7813DCAB-1EC4-42FA-A9AF-FDDD668F2532}.Release|Any CPU.ActiveCfg = Release|Any CPU
		{7813DCAB-1EC4-42FA-A9AF-FDDD668F2532}.Release|Any CPU.Build.0 = Release|Any CPU
	EndGlobalSection
	GlobalSection(SolutionProperties) = preSolution
		HideSolutionNode = FALSE
	EndGlobalSection
	GlobalSection(ExtensibilityGlobals) = postSolution
		SolutionGuid = {23422091-D8F6-4216-9F09-C599378C70D7}
	EndGlobalSection
EndGlobal
